
Microsoft Visual Studio Solution File, Format Version 12.00
# Visual Studio Version 16
VisualStudioVersion = 16.0.30225.117
MinimumVisualStudioVersion = 10.0.40219.1
Project("{9092AA53-FB77-4645-B42D-1CCCA6BD08BD}") = "NodejsWebApp1", "NodejsWebApp1\NodejsWebApp1.njsproj", "{2066D899-4024-4A16-AE1D-AD63473A4869}"
EndProject
Global
	GlobalSection(SolutionConfigurationPlatforms) = preSolution
		Debug|Any CPU = Debug|Any CPU
		Release|Any CPU = Release|Any CPU
	EndGlobalSection
	GlobalSection(ProjectConfigurationPlatforms) = postSolution
		{2066D899-4024-4A16-AE1D-AD63473A4869}.Debug|Any CPU.ActiveCfg = Debug|Any CPU
		{2066D899-4024-4A16-AE1D-AD63473A4869}.Debug|Any CPU.Build.0 = Debug|Any CPU
		{2066D899-4024-4A16-AE1D-AD63473A4869}.Release|Any CPU.ActiveCfg = Release|Any CPU
		{2066D899-4024-4A16-AE1D-AD63473A4869}.Release|Any CPU.Build.0 = Release|Any CPU
	EndGlobalSection
	GlobalSection(SolutionProperties) = preSolution
		HideSolutionNode = FALSE
	EndGlobalSection
	GlobalSection(ExtensibilityGlobals) = postSolution
		SolutionGuid = {76D09C06-35A8-4ACA-B1AB-BF35957466A4}
	EndGlobalSection
EndGlobal
